
Microsoft Visual Studio Solution File, Format Version 12.00
# Visual Studio 15
VisualStudioVersion = 15.0.28307.489
MinimumVisualStudioVersion = 10.0.40219.1
Project("{9A19103F-16F7-4668-BE54-9A1E7A4F7556}") = "ZX", "ZX\ZX.csproj", "{64D9334B-B630-4E8A-BA54-2F07402DC6BE}"
EndProject
Project("{9A19103F-16F7-4668-BE54-9A1E7A4F7556}") = "ZX.Model", "ZX.Model\ZX.Model.csproj", "{34774D67-810E-4A5E-B852-EE0A2AF14EF8}"
EndProject
Project("{9A19103F-16F7-4668-BE54-9A1E7A4F7556}") = "ZX.UnitTest", "ZX.UnitTest\ZX.UnitTest.csproj", "{E65BFBFC-45F5-46C2-B895-76258B7E8D9F}"
	ProjectSection(ProjectDependencies) = postProject
		{34774D67-810E-4A5E-B852-EE0A2AF14EF8} = {34774D67-810E-4A5E-B852-EE0A2AF14EF8}
	EndProjectSection
EndProject
Project("{9A19103F-16F7-4668-BE54-9A1E7A4F7556}") = "ZX.Service", "ZX.Service\ZX.Service.csproj", "{FF8BE99D-3321-4FCF-873D-10929508D118}"
	ProjectSection(ProjectDependencies) = postProject
		{34774D67-810E-4A5E-B852-EE0A2AF14EF8} = {34774D67-810E-4A5E-B852-EE0A2AF14EF8}
	EndProjectSection
EndProject
Project("{FAE04EC0-301F-11D3-BF4B-00C04F79EFBC}") = "ZX.CLI", "ZX.Utils\ZX.CLI.csproj", "{858566A4-008C-47B9-9C23-5D5E5DFF7775}"
EndProject
Global
	GlobalSection(SolutionConfigurationPlatforms) = preSolution
		Debug|Any CPU = Debug|Any CPU
		Release|Any CPU = Release|Any CPU
	EndGlobalSection
	GlobalSection(ProjectConfigurationPlatforms) = postSolution
		{64D9334B-B630-4E8A-BA54-2F07402DC6BE}.Debug|Any CPU.ActiveCfg = Debug|Any CPU
		{64D9334B-B630-4E8A-BA54-2F07402DC6BE}.Debug|Any CPU.Build.0 = Debug|Any CPU
		{64D9334B-B630-4E8A-BA54-2F07402DC6BE}.Release|Any CPU.ActiveCfg = Release|Any CPU
		{64D9334B-B630-4E8A-BA54-2F07402DC6BE}.Release|Any CPU.Build.0 = Release|Any CPU
		{34774D67-810E-4A5E-B852-EE0A2AF14EF8}.Debug|Any CPU.ActiveCfg = Debug|Any CPU
		{34774D67-810E-4A5E-B852-EE0A2AF14EF8}.Debug|Any CPU.Build.0 = Debug|Any CPU
		{34774D67-810E-4A5E-B852-EE0A2AF14EF8}.Release|Any CPU.ActiveCfg = Release|Any CPU
		{34774D67-810E-4A5E-B852-EE0A2AF14EF8}.Release|Any CPU.Build.0 = Release|Any CPU
		{E65BFBFC-45F5-46C2-B895-76258B7E8D9F}.Debug|Any CPU.ActiveCfg = Debug|Any CPU
		{E65BFBFC-45F5-46C2-B895-76258B7E8D9F}.Debug|Any CPU.Build.0 = Debug|Any CPU
		{E65BFBFC-45F5-46C2-B895-76258B7E8D9F}.Release|Any CPU.ActiveCfg = Release|Any CPU
		{E65BFBFC-45F5-46C2-B895-76258B7E8D9F}.Release|Any CPU.Build.0 = Release|Any CPU
		{FF8BE99D-3321-4FCF-873D-10929508D118}.Debug|Any CPU.ActiveCfg = Debug|Any CPU
		{FF8BE99D-3321-4FCF-873D-10929508D118}.Debug|Any CPU.Build.0 = Debug|Any CPU
		{FF8BE99D-3321-4FCF-873D-10929508D118}.Release|Any CPU.ActiveCfg = Release|Any CPU
		{FF8BE99D-3321-4FCF-873D-10929508D118}.Release|Any CPU.Build.0 = Release|Any CPU
		{858566A4-008C-47B9-9C23-5D5E5DFF7775}.Debug|Any CPU.ActiveCfg = Debug|Any CPU
		{858566A4-008C-47B9-9C23-5D5E5DFF7775}.Debug|Any CPU.Build.0 = Debug|Any CPU
		{858566A4-008C-47B9-9C23-5D5E5DFF7775}.Release|Any CPU.ActiveCfg = Release|Any CPU
		{858566A4-008C-47B9-9C23-5D5E5DFF7775}.Release|Any CPU.Build.0 = Release|Any CPU
	EndGlobalSection
	GlobalSection(SolutionProperties) = preSolution
		HideSolutionNode = FALSE
	EndGlobalSection
	GlobalSection(ExtensibilityGlobals) = postSolution
		SolutionGuid = {7C00EF5A-8DCE-48FD-8ACD-756A76347D4D}
	EndGlobalSection
EndGlobal
